# This file is autogenerated, do not edit; changes may be undone by the next 'dep ensure'.


[[projects]]
  name = "github.com/sirupsen/logrus"
  packages = ["."]
  revision = "f006c2ac4710855cf0f916dd6b77acf6b048dc6e"
  version = "v1.0.3"

[[projects]]
  branch = "master"
  name = "golang.org/x/crypto"
  packages = ["ssh/terminal"]
  revision = "ca1fcd4ab4c10bc58852a894bcf195fab2229efe"

[[projects]]
  branch = "master"
  name = "golang.org/x/sys"
  packages = ["unix","windows"]
  revision = "8eb05f94d449fdf134ec24630ce69ada5b469c1c"

[[projects]]
  branch = "master"
  name = "lab.pztrn.name/golibs/flagger"
  packages = ["."]
  revision = "5cf6a6dd8fe8a4f37d1bb1e3deb5121c6e923668"

[[projects]]
  branch = "master"
  name = "lab.pztrn.name/golibs/mogrus"
  packages = ["."]
  revision = "bdf5f86147cf30852a0e7d03613ca71f6851e747"

[solve-meta]
  analyzer-name = "dep"
  analyzer-version = 1
  inputs-digest = "18bd573091726a1a6fb1bf998ccda9c1998231b731a8ebc08d07778350abb669"
  solver-name = "gps-cdcl"
  solver-version = 1
